// !$*UTF8*$!
{
	archiveVersion = 1;
	classes = {
	};
	objectVersion = 50;
	objects = {

/* Begin PBXBuildFile section */
		4C27EA8824ABFDC300AD31AC /* BillPayView.swift in Sources */ = {isa = PBXBuildFile; fileRef = 4C27EA8724ABFDC300AD31AC /* BillPayView.swift */; };
		4C3530E324A7B95600F6D46F /* ButtonWithSFSymbol.swift in Sources */ = {isa = PBXBuildFile; fileRef = 4C3530E224A7B95600F6D46F /* ButtonWithSFSymbol.swift */; };
		4C3530E424A7B95600F6D46F /* ButtonWithSFSymbol.swift in Sources */ = {isa = PBXBuildFile; fileRef = 4C3530E224A7B95600F6D46F /* ButtonWithSFSymbol.swift */; };
		4C3530E624A7BAAF00F6D46F /* CircularButton.swift in Sources */ = {isa = PBXBuildFile; fileRef = 4C3530E524A7BAAF00F6D46F /* CircularButton.swift */; };
		4C3530E724A7BAAF00F6D46F /* CircularButton.swift in Sources */ = {isa = PBXBuildFile; fileRef = 4C3530E524A7BAAF00F6D46F /* CircularButton.swift */; };
		4C80601F24A699AD00BD841E /* ButtonsView.swift in Sources */ = {isa = PBXBuildFile; fileRef = 4C80601E24A699AD00BD841E /* ButtonsView.swift */; };
		4C80602024A699AD00BD841E /* ButtonsView.swift in Sources */ = {isa = PBXBuildFile; fileRef = 4C80601E24A699AD00BD841E /* ButtonsView.swift */; };
		4C8EA06624A7FCF100B8B791 /* BarChartView.swift in Sources */ = {isa = PBXBuildFile; fileRef = 4C8EA06524A7FCF100B8B791 /* BarChartView.swift */; };
		4CAF5CA324A69CDC00AF411E /* RoundRectangleButton.swift in Sources */ = {isa = PBXBuildFile; fileRef = 4CAF5CA224A69CDC00AF411E /* RoundRectangleButton.swift */; };
		4CAF5CA424A69CDC00AF411E /* RoundRectangleButton.swift in Sources */ = {isa = PBXBuildFile; fileRef = 4CAF5CA224A69CDC00AF411E /* RoundRectangleButton.swift */; };
		4CAF5CA724A69E6C00AF411E /* RectangleButton.swift in Sources */ = {isa = PBXBuildFile; fileRef = 4CAF5CA624A69E6C00AF411E /* RectangleButton.swift */; };
		4CAF5CA824A69E6C00AF411E /* RectangleButton.swift in Sources */ = {isa = PBXBuildFile; fileRef = 4CAF5CA624A69E6C00AF411E /* RectangleButton.swift */; };
		4CC00B2624A83B9A00FF6C25 /* HeaderView.swift in Sources */ = {isa = PBXBuildFile; fileRef = 4CC00B2524A83B9A00FF6C25 /* HeaderView.swift */; };
		4CC00B2924A8449900FF6C25 /* ImageScrollView.swift in Sources */ = {isa = PBXBuildFile; fileRef = 4CC00B2824A8449900FF6C25 /* ImageScrollView.swift */; };
		4CC00B2C24A8454C00FF6C25 /* OrderTicketButton.swift in Sources */ = {isa = PBXBuildFile; fileRef = 4CC00B2B24A8454C00FF6C25 /* OrderTicketButton.swift */; };
		4CCCCA3324A68DCA00593F22 /* Tests_iOS.swift in Sources */ = {isa = PBXBuildFile; fileRef = 4CCCCA3224A68DCA00593F22 /* Tests_iOS.swift */; };
		4CCCCA3E24A68DCA00593F22 /* Tests_macOS.swift in Sources */ = {isa = PBXBuildFile; fileRef = 4CCCCA3D24A68DCA00593F22 /* Tests_macOS.swift */; };
		4CCCCA4024A68DCA00593F22 /* SwiftUISandboxApp.swift in Sources */ = {isa = PBXBuildFile; fileRef = 4CCCCA1724A68DCA00593F22 /* SwiftUISandboxApp.swift */; };
		4CCCCA4124A68DCA00593F22 /* SwiftUISandboxApp.swift in Sources */ = {isa = PBXBuildFile; fileRef = 4CCCCA1724A68DCA00593F22 /* SwiftUISandboxApp.swift */; };
		4CCCCA4224A68DCA00593F22 /* RootSandboxView.swift in Sources */ = {isa = PBXBuildFile; fileRef = 4CCCCA1824A68DCA00593F22 /* RootSandboxView.swift */; };
		4CCCCA4324A68DCA00593F22 /* RootSandboxView.swift in Sources */ = {isa = PBXBuildFile; fileRef = 4CCCCA1824A68DCA00593F22 /* RootSandboxView.swift */; };
		4CCCCA4424A68DCA00593F22 /* Assets.xcassets in Resources */ = {isa = PBXBuildFile; fileRef = 4CCCCA1924A68DCA00593F22 /* Assets.xcassets */; };
		4CCCCA4524A68DCA00593F22 /* Assets.xcassets in Resources */ = {isa = PBXBuildFile; fileRef = 4CCCCA1924A68DCA00593F22 /* Assets.xcassets */; };
		4CCE60BE24A7C28100DF2C2E /* ImageAnimationView.swift in Sources */ = {isa = PBXBuildFile; fileRef = 4CCE60BD24A7C28100DF2C2E /* ImageAnimationView.swift */; };
		4CD0D7D824A80241001BBE17 /* DatePickerView.swift in Sources */ = {isa = PBXBuildFile; fileRef = 4CD0D7D724A80241001BBE17 /* DatePickerView.swift */; };
		4CD0D7DA24A80747001BBE17 /* GraphicalDataPickerView.swift in Sources */ = {isa = PBXBuildFile; fileRef = 4CD0D7D924A80747001BBE17 /* GraphicalDataPickerView.swift */; };
		4CD0D7DD24A83815001BBE17 /* TransportationTicketOrderingView.swift in Sources */ = {isa = PBXBuildFile; fileRef = 4CD0D7DC24A83815001BBE17 /* TransportationTicketOrderingView.swift */; };
		4CF3FFDF24A692BF00B16079 /* MediumCell.swift in Sources */ = {isa = PBXBuildFile; fileRef = 4CF3FFDD24A692BF00B16079 /* MediumCell.swift */; };
		4CF3FFE024A692BF00B16079 /* MediumCell.swift in Sources */ = {isa = PBXBuildFile; fileRef = 4CF3FFDD24A692BF00B16079 /* MediumCell.swift */; };
		4CF3FFE124A692BF00B16079 /* HeroCell.swift in Sources */ = {isa = PBXBuildFile; fileRef = 4CF3FFDE24A692BF00B16079 /* HeroCell.swift */; };
		4CF3FFE224A692BF00B16079 /* HeroCell.swift in Sources */ = {isa = PBXBuildFile; fileRef = 4CF3FFDE24A692BF00B16079 /* HeroCell.swift */; };
		4CF3FFE424A692D100B16079 /* ImageViewerView.swift in Sources */ = {isa = PBXBuildFile; fileRef = 4CF3FFE324A692D100B16079 /* ImageViewerView.swift */; };
		4CF3FFE524A692D100B16079 /* ImageViewerView.swift in Sources */ = {isa = PBXBuildFile; fileRef = 4CF3FFE324A692D100B16079 /* ImageViewerView.swift */; };
/* End PBXBuildFile section */

/* Begin PBXContainerItemProxy section */
		4CCCCA2F24A68DCA00593F22 /* PBXContainerItemProxy */ = {
			isa = PBXContainerItemProxy;
			containerPortal = 4CCCCA1224A68DC900593F22 /* Project object */;
			proxyType = 1;
			remoteGlobalIDString = 4CCCCA1D24A68DCA00593F22;
			remoteInfo = iOS;
		};
		4CCCCA3A24A68DCA00593F22 /* PBXContainerItemProxy */ = {
			isa = PBXContainerItemProxy;
			containerPortal = 4CCCCA1224A68DC900593F22 /* Project object */;
			proxyType = 1;
			remoteGlobalIDString = 4CCCCA2524A68DCA00593F22;
			remoteInfo = macOS;
		};
/* End PBXContainerItemProxy section */

/* Begin PBXFileReference section */
		4C27EA8724ABFDC300AD31AC /* BillPayView.swift */ = {isa = PBXFileReference; lastKnownFileType = sourcecode.swift; path = BillPayView.swift; sourceTree = "<group>"; };
		4C3530E224A7B95600F6D46F /* ButtonWithSFSymbol.swift */ = {isa = PBXFileReference; lastKnownFileType = sourcecode.swift; path = ButtonWithSFSymbol.swift; sourceTree = "<group>"; };
		4C3530E524A7BAAF00F6D46F /* CircularButton.swift */ = {isa = PBXFileReference; lastKnownFileType = sourcecode.swift; path = CircularButton.swift; sourceTree = "<group>"; };
		4C80601E24A699AD00BD841E /* ButtonsView.swift */ = {isa = PBXFileReference; lastKnownFileType = sourcecode.swift; path = ButtonsView.swift; sourceTree = "<group>"; };
		4C8EA06524A7FCF100B8B791 /* BarChartView.swift */ = {isa = PBXFileReference; lastKnownFileType = sourcecode.swift; path = BarChartView.swift; sourceTree = "<group>"; };
		4CAF5CA224A69CDC00AF411E /* RoundRectangleButton.swift */ = {isa = PBXFileReference; lastKnownFileType = sourcecode.swift; path = RoundRectangleButton.swift; sourceTree = "<group>"; };
		4CAF5CA624A69E6C00AF411E /* RectangleButton.swift */ = {isa = PBXFileReference; lastKnownFileType = sourcecode.swift; path = RectangleButton.swift; sourceTree = "<group>"; };
		4CC00B2524A83B9A00FF6C25 /* HeaderView.swift */ = {isa = PBXFileReference; lastKnownFileType = sourcecode.swift; path = HeaderView.swift; sourceTree = "<group>"; };
		4CC00B2824A8449900FF6C25 /* ImageScrollView.swift */ = {isa = PBXFileReference; lastKnownFileType = sourcecode.swift; path = ImageScrollView.swift; sourceTree = "<group>"; };
		4CC00B2B24A8454C00FF6C25 /* OrderTicketButton.swift */ = {isa = PBXFileReference; lastKnownFileType = sourcecode.swift; path = OrderTicketButton.swift; sourceTree = "<group>"; };
		4CCCCA1724A68DCA00593F22 /* SwiftUISandboxApp.swift */ = {isa = PBXFileReference; lastKnownFileType = sourcecode.swift; path = SwiftUISandboxApp.swift; sourceTree = "<group>"; };
		4CCCCA1824A68DCA00593F22 /* RootSandboxView.swift */ = {isa = PBXFileReference; lastKnownFileType = sourcecode.swift; path = RootSandboxView.swift; sourceTree = "<group>"; };
		4CCCCA1924A68DCA00593F22 /* Assets.xcassets */ = {isa = PBXFileReference; lastKnownFileType = folder.assetcatalog; path = Assets.xcassets; sourceTree = "<group>"; };
		4CCCCA1E24A68DCA00593F22 /* SwiftUISandbox.app */ = {isa = PBXFileReference; explicitFileType = wrapper.application; includeInIndex = 0; path = SwiftUISandbox.app; sourceTree = BUILT_PRODUCTS_DIR; };
		4CCCCA2124A68DCA00593F22 /* Info.plist */ = {isa = PBXFileReference; lastKnownFileType = text.plist.xml; path = Info.plist; sourceTree = "<group>"; };
		4CCCCA2624A68DCA00593F22 /* SwiftUISandbox.app */ = {isa = PBXFileReference; explicitFileType = wrapper.application; includeInIndex = 0; path = SwiftUISandbox.app; sourceTree = BUILT_PRODUCTS_DIR; };
		4CCCCA2824A68DCA00593F22 /* Info.plist */ = {isa = PBXFileReference; lastKnownFileType = text.plist.xml; path = Info.plist; sourceTree = "<group>"; };
		4CCCCA2924A68DCA00593F22 /* macOS.entitlements */ = {isa = PBXFileReference; lastKnownFileType = text.plist.entitlements; path = macOS.entitlements; sourceTree = "<group>"; };
		4CCCCA2E24A68DCA00593F22 /* Tests iOS.xctest */ = {isa = PBXFileReference; explicitFileType = wrapper.cfbundle; includeInIndex = 0; path = "Tests iOS.xctest"; sourceTree = BUILT_PRODUCTS_DIR; };
		4CCCCA3224A68DCA00593F22 /* Tests_iOS.swift */ = {isa = PBXFileReference; lastKnownFileType = sourcecode.swift; path = Tests_iOS.swift; sourceTree = "<group>"; };
		4CCCCA3424A68DCA00593F22 /* Info.plist */ = {isa = PBXFileReference; lastKnownFileType = text.plist.xml; path = Info.plist; sourceTree = "<group>"; };
		4CCCCA3924A68DCA00593F22 /* Tests macOS.xctest */ = {isa = PBXFileReference; explicitFileType = wrapper.cfbundle; includeInIndex = 0; path = "Tests macOS.xctest"; sourceTree = BUILT_PRODUCTS_DIR; };
		4CCCCA3D24A68DCA00593F22 /* Tests_macOS.swift */ = {isa = PBXFileReference; lastKnownFileType = sourcecode.swift; path = Tests_macOS.swift; sourceTree = "<group>"; };
		4CCCCA3F24A68DCA00593F22 /* Info.plist */ = {isa = PBXFileReference; lastKnownFileType = text.plist.xml; path = Info.plist; sourceTree = "<group>"; };
		4CCE60BD24A7C28100DF2C2E /* ImageAnimationView.swift */ = {isa = PBXFileReference; lastKnownFileType = sourcecode.swift; path = ImageAnimationView.swift; sourceTree = "<group>"; };
		4CD0D7D724A80241001BBE17 /* DatePickerView.swift */ = {isa = PBXFileReference; lastKnownFileType = sourcecode.swift; path = DatePickerView.swift; sourceTree = "<group>"; };
		4CD0D7D924A80747001BBE17 /* GraphicalDataPickerView.swift */ = {isa = PBXFileReference; lastKnownFileType = sourcecode.swift; path = GraphicalDataPickerView.swift; sourceTree = "<group>"; };
		4CD0D7DC24A83815001BBE17 /* TransportationTicketOrderingView.swift */ = {isa = PBXFileReference; lastKnownFileType = sourcecode.swift; path = TransportationTicketOrderingView.swift; sourceTree = "<group>"; };
		4CF3FFDD24A692BF00B16079 /* MediumCell.swift */ = {isa = PBXFileReference; fileEncoding = 4; lastKnownFileType = sourcecode.swift; path = MediumCell.swift; sourceTree = "<group>"; };
		4CF3FFDE24A692BF00B16079 /* HeroCell.swift */ = {isa = PBXFileReference; fileEncoding = 4; lastKnownFileType = sourcecode.swift; path = HeroCell.swift; sourceTree = "<group>"; };
		4CF3FFE324A692D100B16079 /* ImageViewerView.swift */ = {isa = PBXFileReference; fileEncoding = 4; lastKnownFileType = sourcecode.swift; path = ImageViewerView.swift; sourceTree = "<group>"; };
/* End PBXFileReference section */

/* Begin PBXFrameworksBuildPhase section */
		4CCCCA1B24A68DCA00593F22 /* Frameworks */ = {
			isa = PBXFrameworksBuildPhase;
			buildActionMask = 2147483647;
			files = (
			);
			runOnlyForDeploymentPostprocessing = 0;
		};
		4CCCCA2324A68DCA00593F22 /* Frameworks */ = {
			isa = PBXFrameworksBuildPhase;
			buildActionMask = 2147483647;
			files = (
			);
			runOnlyForDeploymentPostprocessing = 0;
		};
		4CCCCA2B24A68DCA00593F22 /* Frameworks */ = {
			isa = PBXFrameworksBuildPhase;
			buildActionMask = 2147483647;
			files = (
			);
			runOnlyForDeploymentPostprocessing = 0;
		};
		4CCCCA3624A68DCA00593F22 /* Frameworks */ = {
			isa = PBXFrameworksBuildPhase;
			buildActionMask = 2147483647;
			files = (
			);
			runOnlyForDeploymentPostprocessing = 0;
		};
/* End PBXFrameworksBuildPhase section */

/* Begin PBXGroup section */
		4C27EA8324ABFC0F00AD31AC /* Bill pay */ = {
			isa = PBXGroup;
			children = (
				4C27EA8724ABFDC300AD31AC /* BillPayView.swift */,
			);
			path = "Bill pay";
			sourceTree = "<group>";
		};
		4C80602124A69A1900BD841E /* Buttons */ = {
			isa = PBXGroup;
			children = (
				4CAF5CA524A69E5A00AF411E /* Button Styles */,
				4C80601E24A699AD00BD841E /* ButtonsView.swift */,
			);
			path = Buttons;
			sourceTree = "<group>";
		};
		4C8EA06424A7FCD500B8B791 /* Progress Views */ = {
			isa = PBXGroup;
			children = (
				4C8EA06524A7FCF100B8B791 /* BarChartView.swift */,
			);
			path = "Progress Views";
			sourceTree = "<group>";
		};
		4CAF5CA524A69E5A00AF411E /* Button Styles */ = {
			isa = PBXGroup;
			children = (
				4CAF5CA224A69CDC00AF411E /* RoundRectangleButton.swift */,
				4CAF5CA624A69E6C00AF411E /* RectangleButton.swift */,
				4C3530E224A7B95600F6D46F /* ButtonWithSFSymbol.swift */,
				4C3530E524A7BAAF00F6D46F /* CircularButton.swift */,
			);
			path = "Button Styles";
			sourceTree = "<group>";
		};
		4CC00B2424A83B7900FF6C25 /* Header */ = {
			isa = PBXGroup;
			children = (
				4CC00B2524A83B9A00FF6C25 /* HeaderView.swift */,
			);
			path = Header;
			sourceTree = "<group>";
		};
		4CC00B2724A8448000FF6C25 /* Middle Image Section */ = {
			isa = PBXGroup;
			children = (
				4CC00B2824A8449900FF6C25 /* ImageScrollView.swift */,
			);
			path = "Middle Image Section";
			sourceTree = "<group>";
		};
		4CC00B2A24A8453400FF6C25 /* Button */ = {
			isa = PBXGroup;
			children = (
				4CC00B2B24A8454C00FF6C25 /* OrderTicketButton.swift */,
			);
			path = Button;
			sourceTree = "<group>";
		};
		4CCCCA1124A68DC900593F22 = {
			isa = PBXGroup;
			children = (
				4CCCCA1624A68DCA00593F22 /* Shared */,
				4CCCCA2024A68DCA00593F22 /* iOS */,
				4CCCCA2724A68DCA00593F22 /* macOS */,
				4CCCCA3124A68DCA00593F22 /* Tests iOS */,
				4CCCCA3C24A68DCA00593F22 /* Tests macOS */,
				4CCCCA1F24A68DCA00593F22 /* Products */,
			);
			sourceTree = "<group>";
		};
		4CCCCA1624A68DCA00593F22 /* Shared */ = {
			isa = PBXGroup;
			children = (
				4CD0D7DB24A837F4001BBE17 /* Full UI */,
				4CD0D7D624A80226001BBE17 /* Pickers */,
				4C8EA06424A7FCD500B8B791 /* Progress Views */,
				4CCE60BB24A7C26B00DF2C2E /* Images */,
				4C80602124A69A1900BD841E /* Buttons */,
				4CF3FFDB24A6928900B16079 /* ImageViewer */,
				4CF3FFDA24A6922F00B16079 /* Supporting Files */,
				4CCCCA1824A68DCA00593F22 /* RootSandboxView.swift */,
			);
			path = Shared;
			sourceTree = "<group>";
		};
		4CCCCA1F24A68DCA00593F22 /* Products */ = {
			isa = PBXGroup;
			children = (
				4CCCCA1E24A68DCA00593F22 /* SwiftUISandbox.app */,
				4CCCCA2624A68DCA00593F22 /* SwiftUISandbox.app */,
				4CCCCA2E24A68DCA00593F22 /* Tests iOS.xctest */,
				4CCCCA3924A68DCA00593F22 /* Tests macOS.xctest */,
			);
			name = Products;
			sourceTree = "<group>";
		};
		4CCCCA2024A68DCA00593F22 /* iOS */ = {
			isa = PBXGroup;
			children = (
				4CCCCA2124A68DCA00593F22 /* Info.plist */,
			);
			path = iOS;
			sourceTree = "<group>";
		};
		4CCCCA2724A68DCA00593F22 /* macOS */ = {
			isa = PBXGroup;
			children = (
				4CCCCA2824A68DCA00593F22 /* Info.plist */,
				4CCCCA2924A68DCA00593F22 /* macOS.entitlements */,
			);
			path = macOS;
			sourceTree = "<group>";
		};
		4CCCCA3124A68DCA00593F22 /* Tests iOS */ = {
			isa = PBXGroup;
			children = (
				4CCCCA3224A68DCA00593F22 /* Tests_iOS.swift */,
				4CCCCA3424A68DCA00593F22 /* Info.plist */,
			);
			path = "Tests iOS";
			sourceTree = "<group>";
		};
		4CCCCA3C24A68DCA00593F22 /* Tests macOS */ = {
			isa = PBXGroup;
			children = (
				4CCCCA3D24A68DCA00593F22 /* Tests_macOS.swift */,
				4CCCCA3F24A68DCA00593F22 /* Info.plist */,
			);
			path = "Tests macOS";
			sourceTree = "<group>";
		};
		4CCE60BB24A7C26B00DF2C2E /* Images */ = {
			isa = PBXGroup;
			children = (
				4CCE60BC24A7C27200DF2C2E /* Image Animation */,
			);
			path = Images;
			sourceTree = "<group>";
		};
		4CCE60BC24A7C27200DF2C2E /* Image Animation */ = {
			isa = PBXGroup;
			children = (
				4CCE60BD24A7C28100DF2C2E /* ImageAnimationView.swift */,
			);
			path = "Image Animation";
			sourceTree = "<group>";
		};
		4CD0D7D624A80226001BBE17 /* Pickers */ = {
			isa = PBXGroup;
			children = (
				4CD0D7D724A80241001BBE17 /* DatePickerView.swift */,
				4CD0D7D924A80747001BBE17 /* GraphicalDataPickerView.swift */,
			);
			path = Pickers;
			sourceTree = "<group>";
		};
		4CD0D7DB24A837F4001BBE17 /* Full UI */ = {
			isa = PBXGroup;
			children = (
				4C27EA8324ABFC0F00AD31AC /* Bill pay */,
				4CD0D7DE24A8381B001BBE17 /* Transportation Ticket View */,
			);
			path = "Full UI";
			sourceTree = "<group>";
		};
		4CD0D7DE24A8381B001BBE17 /* Transportation Ticket View */ = {
			isa = PBXGroup;
			children = (
				4CC00B2A24A8453400FF6C25 /* Button */,
				4CC00B2724A8448000FF6C25 /* Middle Image Section */,
				4CC00B2424A83B7900FF6C25 /* Header */,
				4CD0D7DC24A83815001BBE17 /* TransportationTicketOrderingView.swift */,
			);
			path = "Transportation Ticket View";
			sourceTree = "<group>";
		};
		4CF3FFDA24A6922F00B16079 /* Supporting Files */ = {
			isa = PBXGroup;
			children = (
				4CCCCA1724A68DCA00593F22 /* SwiftUISandboxApp.swift */,
				4CCCCA1924A68DCA00593F22 /* Assets.xcassets */,
			);
			path = "Supporting Files";
			sourceTree = "<group>";
		};
		4CF3FFDB24A6928900B16079 /* ImageViewer */ = {
			isa = PBXGroup;
			children = (
				4CF3FFE324A692D100B16079 /* ImageViewerView.swift */,
				4CF3FFDC24A692BF00B16079 /* Cells */,
			);
			path = ImageViewer;
			sourceTree = "<group>";
		};
		4CF3FFDC24A692BF00B16079 /* Cells */ = {
			isa = PBXGroup;
			children = (
				4CF3FFDD24A692BF00B16079 /* MediumCell.swift */,
				4CF3FFDE24A692BF00B16079 /* HeroCell.swift */,
			);
			path = Cells;
			sourceTree = "<group>";
		};
/* End PBXGroup section */

/* Begin PBXNativeTarget section */
		4CCCCA1D24A68DCA00593F22 /* iOS */ = {
			isa = PBXNativeTarget;
			buildConfigurationList = 4CCCCA4824A68DCA00593F22 /* Build configuration list for PBXNativeTarget "iOS" */;
			buildPhases = (
				4CCCCA1A24A68DCA00593F22 /* Sources */,
				4CCCCA1B24A68DCA00593F22 /* Frameworks */,
				4CCCCA1C24A68DCA00593F22 /* Resources */,
			);
			buildRules = (
			);
			dependencies = (
			);
			name = iOS;
			productName = iOS;
			productReference = 4CCCCA1E24A68DCA00593F22 /* SwiftUISandbox.app */;
			productType = "com.apple.product-type.application";
		};
		4CCCCA2524A68DCA00593F22 /* macOS */ = {
			isa = PBXNativeTarget;
			buildConfigurationList = 4CCCCA4B24A68DCA00593F22 /* Build configuration list for PBXNativeTarget "macOS" */;
			buildPhases = (
				4CCCCA2224A68DCA00593F22 /* Sources */,
				4CCCCA2324A68DCA00593F22 /* Frameworks */,
				4CCCCA2424A68DCA00593F22 /* Resources */,
			);
			buildRules = (
			);
			dependencies = (
			);
			name = macOS;
			productName = macOS;
			productReference = 4CCCCA2624A68DCA00593F22 /* SwiftUISandbox.app */;
			productType = "com.apple.product-type.application";
		};
		4CCCCA2D24A68DCA00593F22 /* Tests iOS */ = {
			isa = PBXNativeTarget;
			buildConfigurationList = 4CCCCA4E24A68DCA00593F22 /* Build configuration list for PBXNativeTarget "Tests iOS" */;
			buildPhases = (
				4CCCCA2A24A68DCA00593F22 /* Sources */,
				4CCCCA2B24A68DCA00593F22 /* Frameworks */,
				4CCCCA2C24A68DCA00593F22 /* Resources */,
			);
			buildRules = (
			);
			dependencies = (
				4CCCCA3024A68DCA00593F22 /* PBXTargetDependency */,
			);
			name = "Tests iOS";
			productName = "Tests iOS";
			productReference = 4CCCCA2E24A68DCA00593F22 /* Tests iOS.xctest */;
			productType = "com.apple.product-type.bundle.ui-testing";
		};
		4CCCCA3824A68DCA00593F22 /* Tests macOS */ = {
			isa = PBXNativeTarget;
			buildConfigurationList = 4CCCCA5124A68DCA00593F22 /* Build configuration list for PBXNativeTarget "Tests macOS" */;
			buildPhases = (
				4CCCCA3524A68DCA00593F22 /* Sources */,
				4CCCCA3624A68DCA00593F22 /* Frameworks */,
				4CCCCA3724A68DCA00593F22 /* Resources */,
			);
			buildRules = (
			);
			dependencies = (
				4CCCCA3B24A68DCA00593F22 /* PBXTargetDependency */,
			);
			name = "Tests macOS";
			productName = "Tests macOS";
			productReference = 4CCCCA3924A68DCA00593F22 /* Tests macOS.xctest */;
			productType = "com.apple.product-type.bundle.ui-testing";
		};
/* End PBXNativeTarget section */

/* Begin PBXProject section */
		4CCCCA1224A68DC900593F22 /* Project object */ = {
			isa = PBXProject;
			attributes = {
				LastSwiftUpdateCheck = 1200;
				LastUpgradeCheck = 1200;
				TargetAttributes = {
					4CCCCA1D24A68DCA00593F22 = {
						CreatedOnToolsVersion = 12.0;
					};
					4CCCCA2524A68DCA00593F22 = {
						CreatedOnToolsVersion = 12.0;
					};
					4CCCCA2D24A68DCA00593F22 = {
						CreatedOnToolsVersion = 12.0;
						TestTargetID = 4CCCCA1D24A68DCA00593F22;
					};
					4CCCCA3824A68DCA00593F22 = {
						CreatedOnToolsVersion = 12.0;
						TestTargetID = 4CCCCA2524A68DCA00593F22;
					};
				};
			};
			buildConfigurationList = 4CCCCA1524A68DC900593F22 /* Build configuration list for PBXProject "SwiftUISandbox" */;
			compatibilityVersion = "Xcode 9.3";
			developmentRegion = en;
			hasScannedForEncodings = 0;
			knownRegions = (
				en,
				Base,
			);
			mainGroup = 4CCCCA1124A68DC900593F22;
			productRefGroup = 4CCCCA1F24A68DCA00593F22 /* Products */;
			projectDirPath = "";
			projectRoot = "";
			targets = (
				4CCCCA1D24A68DCA00593F22 /* iOS */,
				4CCCCA2524A68DCA00593F22 /* macOS */,
				4CCCCA2D24A68DCA00593F22 /* Tests iOS */,
				4CCCCA3824A68DCA00593F22 /* Tests macOS */,
			);
		};
/* End PBXProject section */

/* Begin PBXResourcesBuildPhase section */
		4CCCCA1C24A68DCA00593F22 /* Resources */ = {
			isa = PBXResourcesBuildPhase;
			buildActionMask = 2147483647;
			files = (
				4CCCCA4424A68DCA00593F22 /* Assets.xcassets in Resources */,
			);
			runOnlyForDeploymentPostprocessing = 0;
		};
		4CCCCA2424A68DCA00593F22 /* Resources */ = {
			isa = PBXResourcesBuildPhase;
			buildActionMask = 2147483647;
			files = (
				4CCCCA4524A68DCA00593F22 /* Assets.xcassets in Resources */,
			);
			runOnlyForDeploymentPostprocessing = 0;
		};
		4CCCCA2C24A68DCA00593F22 /* Resources */ = {
			isa = PBXResourcesBuildPhase;
			buildActionMask = 2147483647;
			files = (
			);
			runOnlyForDeploymentPostprocessing = 0;
		};
		4CCCCA3724A68DCA00593F22 /* Resources */ = {
			isa = PBXResourcesBuildPhase;
			buildActionMask = 2147483647;
			files = (
			);
			runOnlyForDeploymentPostprocessing = 0;
		};
/* End PBXResourcesBuildPhase section */

/* Begin PBXSourcesBuildPhase section */
		4CCCCA1A24A68DCA00593F22 /* Sources */ = {
			isa = PBXSourcesBuildPhase;
			buildActionMask = 2147483647;
			files = (
				4CF3FFE124A692BF00B16079 /* HeroCell.swift in Sources */,
				4CD0D7DA24A80747001BBE17 /* GraphicalDataPickerView.swift in Sources */,
				4CAF5CA724A69E6C00AF411E /* RectangleButton.swift in Sources */,
				4CD0D7DD24A83815001BBE17 /* TransportationTicketOrderingView.swift in Sources */,
				4C3530E324A7B95600F6D46F /* ButtonWithSFSymbol.swift in Sources */,
				4CF3FFDF24A692BF00B16079 /* MediumCell.swift in Sources */,
				4C3530E624A7BAAF00F6D46F /* CircularButton.swift in Sources */,
				4C8EA06624A7FCF100B8B791 /* BarChartView.swift in Sources */,
				4CF3FFE424A692D100B16079 /* ImageViewerView.swift in Sources */,
				4C27EA8824ABFDC300AD31AC /* BillPayView.swift in Sources */,
				4CCCCA4224A68DCA00593F22 /* RootSandboxView.swift in Sources */,
				4CC00B2924A8449900FF6C25 /* ImageScrollView.swift in Sources */,
				4CCE60BE24A7C28100DF2C2E /* ImageAnimationView.swift in Sources */,
				4CC00B2C24A8454C00FF6C25 /* OrderTicketButton.swift in Sources */,
				4CD0D7D824A80241001BBE17 /* DatePickerView.swift in Sources */,
				4CAF5CA324A69CDC00AF411E /* RoundRectangleButton.swift in Sources */,
				4C80601F24A699AD00BD841E /* ButtonsView.swift in Sources */,
				4CCCCA4024A68DCA00593F22 /* SwiftUISandboxApp.swift in Sources */,
				4CC00B2624A83B9A00FF6C25 /* HeaderView.swift in Sources */,
			);
			runOnlyForDeploymentPostprocessing = 0;
		};
		4CCCCA2224A68DCA00593F22 /* Sources */ = {
			isa = PBXSourcesBuildPhase;
			buildActionMask = 2147483647;
			files = (
				4CF3FFE224A692BF00B16079 /* HeroCell.swift in Sources */,
				4CAF5CA824A69E6C00AF411E /* RectangleButton.swift in Sources */,
				4C3530E424A7B95600F6D46F /* ButtonWithSFSymbol.swift in Sources */,
				4CF3FFE024A692BF00B16079 /* MediumCell.swift in Sources */,
				4C3530E724A7BAAF00F6D46F /* CircularButton.swift in Sources */,
				4CF3FFE524A692D100B16079 /* ImageViewerView.swift in Sources */,
				4CCCCA4324A68DCA00593F22 /* RootSandboxView.swift in Sources */,
				4CAF5CA424A69CDC00AF411E /* RoundRectangleButton.swift in Sources */,
				4C80602024A699AD00BD841E /* ButtonsView.swift in Sources */,
				4CCCCA4124A68DCA00593F22 /* SwiftUISandboxApp.swift in Sources */,
			);
			runOnlyForDeploymentPostprocessing = 0;
		};
		4CCCCA2A24A68DCA00593F22 /* Sources */ = {
			isa = PBXSourcesBuildPhase;
			buildActionMask = 2147483647;
			files = (
				4CCCCA3324A68DCA00593F22 /* Tests_iOS.swift in Sources */,
			);
			runOnlyForDeploymentPostprocessing = 0;
		};
		4CCCCA3524A68DCA00593F22 /* Sources */ = {
			isa = PBXSourcesBuildPhase;
			buildActionMask = 2147483647;
			files = (
				4CCCCA3E24A68DCA00593F22 /* Tests_macOS.swift in Sources */,
			);
			runOnlyForDeploymentPostprocessing = 0;
		};
/* End PBXSourcesBuildPhase section */

/* Begin PBXTargetDependency section */
		4CCCCA3024A68DCA00593F22 /* PBXTargetDependency */ = {
			isa = PBXTargetDependency;
			target = 4CCCCA1D24A68DCA00593F22 /* iOS */;
			targetProxy = 4CCCCA2F24A68DCA00593F22 /* PBXContainerItemProxy */;
		};
		4CCCCA3B24A68DCA00593F22 /* PBXTargetDependency */ = {
			isa = PBXTargetDependency;
			target = 4CCCCA2524A68DCA00593F22 /* macOS */;
			targetProxy = 4CCCCA3A24A68DCA00593F22 /* PBXContainerItemProxy */;
		};
/* End PBXTargetDependency section */

/* Begin XCBuildConfiguration section */
		4CCCCA4624A68DCA00593F22 /* Debug */ = {
			isa = XCBuildConfiguration;
			buildSettings = {
				ALWAYS_SEARCH_USER_PATHS = NO;
				CLANG_ANALYZER_NONNULL = YES;
				CLANG_ANALYZER_NUMBER_OBJECT_CONVERSION = YES_AGGRESSIVE;
				CLANG_CXX_LANGUAGE_STANDARD = "gnu++14";
				CLANG_CXX_LIBRARY = "libc++";
				CLANG_ENABLE_MODULES = YES;
				CLANG_ENABLE_OBJC_ARC = YES;
				CLANG_ENABLE_OBJC_WEAK = YES;
				CLANG_WARN_BLOCK_CAPTURE_AUTORELEASING = YES;
				CLANG_WARN_BOOL_CONVERSION = YES;
				CLANG_WARN_COMMA = YES;
				CLANG_WARN_CONSTANT_CONVERSION = YES;
				CLANG_WARN_DEPRECATED_OBJC_IMPLEMENTATIONS = YES;
				CLANG_WARN_DIRECT_OBJC_ISA_USAGE = YES_ERROR;
				CLANG_WARN_DOCUMENTATION_COMMENTS = YES;
				CLANG_WARN_EMPTY_BODY = YES;
				CLANG_WARN_ENUM_CONVERSION = YES;
				CLANG_WARN_INFINITE_RECURSION = YES;
				CLANG_WARN_INT_CONVERSION = YES;
				CLANG_WARN_NON_LITERAL_NULL_CONVERSION = YES;
				CLANG_WARN_OBJC_IMPLICIT_RETAIN_SELF = YES;
				CLANG_WARN_OBJC_LITERAL_CONVERSION = YES;
				CLANG_WARN_OBJC_ROOT_CLASS = YES_ERROR;
				CLANG_WARN_QUOTED_INCLUDE_IN_FRAMEWORK_HEADER = YES;
				CLANG_WARN_RANGE_LOOP_ANALYSIS = YES;
				CLANG_WARN_STRICT_PROTOTYPES = YES;
				CLANG_WARN_SUSPICIOUS_MOVE = YES;
				CLANG_WARN_UNGUARDED_AVAILABILITY = YES_AGGRESSIVE;
				CLANG_WARN_UNREACHABLE_CODE = YES;
				CLANG_WARN__DUPLICATE_METHOD_MATCH = YES;
				COPY_PHASE_STRIP = NO;
				DEBUG_INFORMATION_FORMAT = dwarf;
				ENABLE_STRICT_OBJC_MSGSEND = YES;
				ENABLE_TESTABILITY = YES;
				GCC_C_LANGUAGE_STANDARD = gnu11;
				GCC_DYNAMIC_NO_PIC = NO;
				GCC_NO_COMMON_BLOCKS = YES;
				GCC_OPTIMIZATION_LEVEL = 0;
				GCC_PREPROCESSOR_DEFINITIONS = (
					"DEBUG=1",
					"$(inherited)",
				);
				GCC_WARN_64_TO_32_BIT_CONVERSION = YES;
				GCC_WARN_ABOUT_RETURN_TYPE = YES_ERROR;
				GCC_WARN_UNDECLARED_SELECTOR = YES;
				GCC_WARN_UNINITIALIZED_AUTOS = YES_AGGRESSIVE;
				GCC_WARN_UNUSED_FUNCTION = YES;
				GCC_WARN_UNUSED_VARIABLE = YES;
				MTL_ENABLE_DEBUG_INFO = INCLUDE_SOURCE;
				MTL_FAST_MATH = YES;
				ONLY_ACTIVE_ARCH = YES;
				SWIFT_ACTIVE_COMPILATION_CONDITIONS = DEBUG;
				SWIFT_OPTIMIZATION_LEVEL = "-Onone";
			};
			name = Debug;
		};
		4CCCCA4724A68DCA00593F22 /* Release */ = {
			isa = XCBuildConfiguration;
			buildSettings = {
				ALWAYS_SEARCH_USER_PATHS = NO;
				CLANG_ANALYZER_NONNULL = YES;
				CLANG_ANALYZER_NUMBER_OBJECT_CONVERSION = YES_AGGRESSIVE;
				CLANG_CXX_LANGUAGE_STANDARD = "gnu++14";
				CLANG_CXX_LIBRARY = "libc++";
				CLANG_ENABLE_MODULES = YES;
				CLANG_ENABLE_OBJC_ARC = YES;
				CLANG_ENABLE_OBJC_WEAK = YES;
				CLANG_WARN_BLOCK_CAPTURE_AUTORELEASING = YES;
				CLANG_WARN_BOOL_CONVERSION = YES;
				CLANG_WARN_COMMA = YES;
				CLANG_WARN_CONSTANT_CONVERSION = YES;
				CLANG_WARN_DEPRECATED_OBJC_IMPLEMENTATIONS = YES;
				CLANG_WARN_DIRECT_OBJC_ISA_USAGE = YES_ERROR;
				CLANG_WARN_DOCUMENTATION_COMMENTS = YES;
				CLANG_WARN_EMPTY_BODY = YES;
				CLANG_WARN_ENUM_CONVERSION = YES;
				CLANG_WARN_INFINITE_RECURSION = YES;
				CLANG_WARN_INT_CONVERSION = YES;
				CLANG_WARN_NON_LITERAL_NULL_CONVERSION = YES;
				CLANG_WARN_OBJC_IMPLICIT_RETAIN_SELF = YES;
				CLANG_WARN_OBJC_LITERAL_CONVERSION = YES;
				CLANG_WARN_OBJC_ROOT_CLASS = YES_ERROR;
				CLANG_WARN_QUOTED_INCLUDE_IN_FRAMEWORK_HEADER = YES;
				CLANG_WARN_RANGE_LOOP_ANALYSIS = YES;
				CLANG_WARN_STRICT_PROTOTYPES = YES;
				CLANG_WARN_SUSPICIOUS_MOVE = YES;
				CLANG_WARN_UNGUARDED_AVAILABILITY = YES_AGGRESSIVE;
				CLANG_WARN_UNREACHABLE_CODE = YES;
				CLANG_WARN__DUPLICATE_METHOD_MATCH = YES;
				COPY_PHASE_STRIP = NO;
				DEBUG_INFORMATION_FORMAT = "dwarf-with-dsym";
				ENABLE_NS_ASSERTIONS = NO;
				ENABLE_STRICT_OBJC_MSGSEND = YES;
				GCC_C_LANGUAGE_STANDARD = gnu11;
				GCC_NO_COMMON_BLOCKS = YES;
				GCC_WARN_64_TO_32_BIT_CONVERSION = YES;
				GCC_WARN_ABOUT_RETURN_TYPE = YES_ERROR;
				GCC_WARN_UNDECLARED_SELECTOR = YES;
				GCC_WARN_UNINITIALIZED_AUTOS = YES_AGGRESSIVE;
				GCC_WARN_UNUSED_FUNCTION = YES;
				GCC_WARN_UNUSED_VARIABLE = YES;
				MTL_ENABLE_DEBUG_INFO = NO;
				MTL_FAST_MATH = YES;
				SWIFT_COMPILATION_MODE = wholemodule;
				SWIFT_OPTIMIZATION_LEVEL = "-O";
			};
			name = Release;
		};
		4CCCCA4924A68DCA00593F22 /* Debug */ = {
			isa = XCBuildConfiguration;
			buildSettings = {
				ASSETCATALOG_COMPILER_APPICON_NAME = AppIcon;
				ASSETCATALOG_COMPILER_GLOBAL_ACCENT_COLOR_NAME = AccentColor;
				CODE_SIGN_STYLE = Automatic;
				DEVELOPMENT_TEAM = 3RCM6QHD86;
				ENABLE_PREVIEWS = YES;
				INFOPLIST_FILE = iOS/Info.plist;
				IPHONEOS_DEPLOYMENT_TARGET = 14.0;
				LD_RUNPATH_SEARCH_PATHS = (
					"$(inherited)",
					"@executable_path/Frameworks",
				);
				PRODUCT_BUNDLE_IDENTIFIER = com.andrewmiotke.SwiftUISandbox;
				PRODUCT_NAME = SwiftUISandbox;
				SDKROOT = iphoneos;
				SWIFT_VERSION = 5.0;
				TARGETED_DEVICE_FAMILY = "1,2";
			};
			name = Debug;
		};
		4CCCCA4A24A68DCA00593F22 /* Release */ = {
			isa = XCBuildConfiguration;
			buildSettings = {
				ASSETCATALOG_COMPILER_APPICON_NAME = AppIcon;
				ASSETCATALOG_COMPILER_GLOBAL_ACCENT_COLOR_NAME = AccentColor;
				CODE_SIGN_STYLE = Automatic;
				DEVELOPMENT_TEAM = 3RCM6QHD86;
				ENABLE_PREVIEWS = YES;
				INFOPLIST_FILE = iOS/Info.plist;
				IPHONEOS_DEPLOYMENT_TARGET = 14.0;
				LD_RUNPATH_SEARCH_PATHS = (
					"$(inherited)",
					"@executable_path/Frameworks",
				);
				PRODUCT_BUNDLE_IDENTIFIER = com.andrewmiotke.SwiftUISandbox;
				PRODUCT_NAME = SwiftUISandbox;
				SDKROOT = iphoneos;
				SWIFT_VERSION = 5.0;
				TARGETED_DEVICE_FAMILY = "1,2";
				VALIDATE_PRODUCT = YES;
			};
			name = Release;
		};
		4CCCCA4C24A68DCA00593F22 /* Debug */ = {
			isa = XCBuildConfiguration;
			buildSettings = {
				ASSETCATALOG_COMPILER_APPICON_NAME = AppIcon;
				ASSETCATALOG_COMPILER_GLOBAL_ACCENT_COLOR_NAME = AccentColor;
				CODE_SIGN_ENTITLEMENTS = macOS/macOS.entitlements;
				CODE_SIGN_STYLE = Automatic;
				COMBINE_HIDPI_IMAGES = YES;
				DEVELOPMENT_TEAM = 3RCM6QHD86;
				ENABLE_HARDENED_RUNTIME = YES;
				ENABLE_PREVIEWS = YES;
				INFOPLIST_FILE = macOS/Info.plist;
				LD_RUNPATH_SEARCH_PATHS = (
					"$(inherited)",
					"@executable_path/../Frameworks",
				);
				MACOSX_DEPLOYMENT_TARGET = 10.16;
				PRODUCT_BUNDLE_IDENTIFIER = com.andrewmiotke.SwiftUISandbox;
				PRODUCT_NAME = SwiftUISandbox;
				SDKROOT = macosx;
				SWIFT_VERSION = 5.0;
			};
			name = Debug;
		};
		4CCCCA4D24A68DCA00593F22 /* Release */ = {
			isa = XCBuildConfiguration;
			buildSettings = {
				ASSETCATALOG_COMPILER_APPICON_NAME = AppIcon;
				ASSETCATALOG_COMPILER_GLOBAL_ACCENT_COLOR_NAME = AccentColor;
				CODE_SIGN_ENTITLEMENTS = macOS/macOS.entitlements;
				CODE_SIGN_STYLE = Automatic;
				COMBINE_HIDPI_IMAGES = YES;
				DEVELOPMENT_TEAM = 3RCM6QHD86;
				ENABLE_HARDENED_RUNTIME = YES;
				ENABLE_PREVIEWS = YES;
				INFOPLIST_FILE = macOS/Info.plist;
				LD_RUNPATH_SEARCH_PATHS = (
					"$(inherited)",
					"@executable_path/../Frameworks",
				);
				MACOSX_DEPLOYMENT_TARGET = 10.16;
				PRODUCT_BUNDLE_IDENTIFIER = com.andrewmiotke.SwiftUISandbox;
				PRODUCT_NAME = SwiftUISandbox;
				SDKROOT = macosx;
				SWIFT_VERSION = 5.0;
			};
			name = Release;
		};
		4CCCCA4F24A68DCA00593F22 /* Debug */ = {
			isa = XCBuildConfiguration;
			buildSettings = {
				ALWAYS_EMBED_SWIFT_STANDARD_LIBRARIES = YES;
				CODE_SIGN_STYLE = Automatic;
				DEVELOPMENT_TEAM = 3RCM6QHD86;
				INFOPLIST_FILE = "Tests iOS/Info.plist";
				IPHONEOS_DEPLOYMENT_TARGET = 14.0;
				LD_RUNPATH_SEARCH_PATHS = (
					"$(inherited)",
					"@executable_path/Frameworks",
					"@loader_path/Frameworks",
				);
				PRODUCT_BUNDLE_IDENTIFIER = "com.andrewmiotke.Tests-iOS";
				PRODUCT_NAME = "$(TARGET_NAME)";
				SDKROOT = iphoneos;
				SWIFT_VERSION = 5.0;
				TARGETED_DEVICE_FAMILY = "1,2";
				TEST_TARGET_NAME = iOS;
			};
			name = Debug;
		};
		4CCCCA5024A68DCA00593F22 /* Release */ = {
			isa = XCBuildConfiguration;
			buildSettings = {
				ALWAYS_EMBED_SWIFT_STANDARD_LIBRARIES = YES;
				CODE_SIGN_STYLE = Automatic;
				DEVELOPMENT_TEAM = 3RCM6QHD86;
				INFOPLIST_FILE = "Tests iOS/Info.plist";
				IPHONEOS_DEPLOYMENT_TARGET = 14.0;
				LD_RUNPATH_SEARCH_PATHS = (
					"$(inherited)",
					"@executable_path/Frameworks",
					"@loader_path/Frameworks",
				);
				PRODUCT_BUNDLE_IDENTIFIER = "com.andrewmiotke.Tests-iOS";
				PRODUCT_NAME = "$(TARGET_NAME)";
				SDKROOT = iphoneos;
				SWIFT_VERSION = 5.0;
				TARGETED_DEVICE_FAMILY = "1,2";
				TEST_TARGET_NAME = iOS;
				VALIDATE_PRODUCT = YES;
			};
			name = Release;
		};
		4CCCCA5224A68DCA00593F22 /* Debug */ = {
			isa = XCBuildConfiguration;
			buildSettings = {
				ALWAYS_EMBED_SWIFT_STANDARD_LIBRARIES = YES;
				CODE_SIGN_STYLE = Automatic;
				COMBINE_HIDPI_IMAGES = YES;
				DEVELOPMENT_TEAM = 3RCM6QHD86;
				INFOPLIST_FILE = "Tests macOS/Info.plist";
				LD_RUNPATH_SEARCH_PATHS = (
					"$(inherited)",
					"@executable_path/../Frameworks",
					"@loader_path/../Frameworks",
				);
				MACOSX_DEPLOYMENT_TARGET = 10.15;
				PRODUCT_BUNDLE_IDENTIFIER = "com.andrewmiotke.Tests-macOS";
				PRODUCT_NAME = "$(TARGET_NAME)";
				SDKROOT = macosx;
				SWIFT_VERSION = 5.0;
				TEST_TARGET_NAME = macOS;
			};
			name = Debug;
		};
		4CCCCA5324A68DCA00593F22 /* Release */ = {
			isa = XCBuildConfiguration;
			buildSettings = {
				ALWAYS_EMBED_SWIFT_STANDARD_LIBRARIES = YES;
				CODE_SIGN_STYLE = Automatic;
				COMBINE_HIDPI_IMAGES = YES;
				DEVELOPMENT_TEAM = 3RCM6QHD86;
				INFOPLIST_FILE = "Tests macOS/Info.plist";
				LD_RUNPATH_SEARCH_PATHS = (
					"$(inherited)",
					"@executable_path/../Frameworks",
					"@loader_path/../Frameworks",
				);
				MACOSX_DEPLOYMENT_TARGET = 10.15;
				PRODUCT_BUNDLE_IDENTIFIER = "com.andrewmiotke.Tests-macOS";
				PRODUCT_NAME = "$(TARGET_NAME)";
				SDKROOT = macosx;
				SWIFT_VERSION = 5.0;
				TEST_TARGET_NAME = macOS;
			};
			name = Release;
		};
/* End XCBuildConfiguration section */

/* Begin XCConfigurationList section */
		4CCCCA1524A68DC900593F22 /* Build configuration list for PBXProject "SwiftUISandbox" */ = {
			isa = XCConfigurationList;
			buildConfigurations = (
				4CCCCA4624A68DCA00593F22 /* Debug */,
				4CCCCA4724A68DCA00593F22 /* Release */,
			);
			defaultConfigurationIsVisible = 0;
			defaultConfigurationName = Release;
		};
		4CCCCA4824A68DCA00593F22 /* Build configuration list for PBXNativeTarget "iOS" */ = {
			isa = XCConfigurationList;
			buildConfigurations = (
				4CCCCA4924A68DCA00593F22 /* Debug */,
				4CCCCA4A24A68DCA00593F22 /* Release */,
			);
			defaultConfigurationIsVisible = 0;
			defaultConfigurationName = Release;
		};
		4CCCCA4B24A68DCA00593F22 /* Build configuration list for PBXNativeTarget "macOS" */ = {
			isa = XCConfigurationList;
			buildConfigurations = (
				4CCCCA4C24A68DCA00593F22 /* Debug */,
				4CCCCA4D24A68DCA00593F22 /* Release */,
			);
			defaultConfigurationIsVisible = 0;
			defaultConfigurationName = Release;
		};
		4CCCCA4E24A68DCA00593F22 /* Build configuration list for PBXNativeTarget "Tests iOS" */ = {
			isa = XCConfigurationList;
			buildConfigurations = (
				4CCCCA4F24A68DCA00593F22 /* Debug */,
				4CCCCA5024A68DCA00593F22 /* Release */,
			);
			defaultConfigurationIsVisible = 0;
			defaultConfigurationName = Release;
		};
		4CCCCA5124A68DCA00593F22 /* Build configuration list for PBXNativeTarget "Tests macOS" */ = {
			isa = XCConfigurationList;
			buildConfigurations = (
				4CCCCA5224A68DCA00593F22 /* Debug */,
				4CCCCA5324A68DCA00593F22 /* Release */,
			);
			defaultConfigurationIsVisible = 0;
			defaultConfigurationName = Release;
		};
/* End XCConfigurationList section */
	};
	rootObject = 4CCCCA1224A68DC900593F22 /* Project object */;
}
